# THIS IS AN AUTOGENERATED FILE. DO NOT EDIT THIS FILE DIRECTLY.
# yarn lockfile v1


"@types/node@^12.7.5":
  version "12.7.5"
  resolved "https://registry.yarnpkg.com/@types/node/-/node-12.7.5.tgz#e19436e7f8e9b4601005d73673b6dc4784ffcc2f"
  integrity sha512-9fq4jZVhPNW8r+UYKnxF1e2HkDWOWKM5bC2/7c9wPV835I0aOrVbS/Hw/pWPk2uKrNXQqg9Z959Kz+IYDd5p3w==

bioterms@^0.9.0:
  version "0.9.0"
  resolved "https://registry.yarnpkg.com/bioterms/-/bioterms-0.9.0.tgz#4557fcc6851123b765e6bef6652114f20f9993a2"
  integrity sha512-e2jX+zE7lxjOB2jO+9qDTYbWQxxputSQwnjEz1vrjjP8vTrLYg/YfUj9Ql+sBB/L19C8KN/HAwYIs/Y2Z40KDQ==

url-join@^4.0.1:
  version "4.0.1"
  resolved "https://registry.yarnpkg.com/url-join/-/url-join-4.0.1.tgz#b642e21a2646808ffa178c4c5fda39844e12cde7"
  integrity sha512-jk1+QP6ZJqyOiuEI9AEWQfju/nB2Pw466kbA0LEZljHwKeMgd9WrAEgEGxjPDD2+TNbbb37rTyhEfrCXfuKXnA==
